
Microsoft Visual Studio Solution File, Format Version 12.00
# Visual Studio Version 17
VisualStudioVersion = 17.10.34928.147
MinimumVisualStudioVersion = 10.0.40219.1
Project("{8BC9CEB8-8B4A-11D0-8D11-00A0C91BC942}") = "valiant", "valiant\valiant.vcxproj", "{31F2CBC7-B356-4924-841F-834CF37C301D}"
EndProject
Global
	GlobalSection(SolutionConfigurationPlatforms) = preSolution
		Debug|x64 = Debug|x64
		Debug|x86 = Debug|x86
		Release|x64 = Release|x64
		Release|x86 = Release|x86
	EndGlobalSection
	GlobalSection(ProjectConfigurationPlatforms) = postSolution
		{31F2CBC7-B356-4924-841F-834CF37C301D}.Debug|x64.ActiveCfg = Debug|x64
		{31F2CBC7-B356-4924-841F-834CF37C301D}.Debug|x64.Build.0 = Debug|x64
		{31F2CBC7-B356-4924-841F-834CF37C301D}.Debug|x86.ActiveCfg = Debug|Win32
		{31F2CBC7-B356-4924-841F-834CF37C301D}.Debug|x86.Build.0 = Debug|Win32
		{31F2CBC7-B356-4924-841F-834CF37C301D}.Release|x64.ActiveCfg = Release|x64
		{31F2CBC7-B356-4924-841F-834CF37C301D}.Release|x64.Build.0 = Release|x64
		{31F2CBC7-B356-4924-841F-834CF37C301D}.Release|x86.ActiveCfg = Release|Win32
		{31F2CBC7-B356-4924-841F-834CF37C301D}.Release|x86.Build.0 = Release|Win32
	EndGlobalSection
	GlobalSection(SolutionProperties) = preSolution
		HideSolutionNode = FALSE
	EndGlobalSection
	GlobalSection(ExtensibilityGlobals) = postSolution
		SolutionGuid = {B36B0C88-BA03-4FB0-9B37-80D5B1FC3954}
	EndGlobalSection
EndGlobal
